
Microsoft Visual Studio Solution File, Format Version 12.00
# Visual Studio Version 17
VisualStudioVersion = 17.12.35506.116 d17.12
MinimumVisualStudioVersion = 10.0.40219.1
Project("{FAE04EC0-301F-11D3-BF4B-00C04F79EFBC}") = "jbl car seller", "jbl car seller\jbl car seller.csproj", "{B336E4EE-DF15-4B9C-AE4A-C1108565CAB6}"
EndProject
Global
	GlobalSection(SolutionConfigurationPlatforms) = preSolution
		Debug|Any CPU = Debug|Any CPU
		Release|Any CPU = Release|Any CPU
	EndGlobalSection
	GlobalSection(ProjectConfigurationPlatforms) = postSolution
		{B336E4EE-DF15-4B9C-AE4A-C1108565CAB6}.Debug|Any CPU.ActiveCfg = Debug|Any CPU
		{B336E4EE-DF15-4B9C-AE4A-C1108565CAB6}.Debug|Any CPU.Build.0 = Debug|Any CPU
		{B336E4EE-DF15-4B9C-AE4A-C1108565CAB6}.Release|Any CPU.ActiveCfg = Release|Any CPU
		{B336E4EE-DF15-4B9C-AE4A-C1108565CAB6}.Release|Any CPU.Build.0 = Release|Any CPU
	EndGlobalSection
	GlobalSection(SolutionProperties) = preSolution
		HideSolutionNode = FALSE
	EndGlobalSection
EndGlobal
